# This file is automatically @generated by Cargo.
# It is not intended for manual editing.
version = 3

[[package]]
name = "nuts"
version = "0.2.1"
source = "registry+https://github.com/rust-lang/crates.io-index"
checksum = "de140f855243e190552367bac713a5e7092966db4b79bf5aff2ef1bddebadcd9"

[[package]]
name = "nuts-example-0"
version = "0.1.0"
dependencies = [
 "nuts",
]
